
Microsoft Visual Studio Solution File, Format Version 12.00
# Visual Studio Version 17
VisualStudioVersion = 17.5.002.0
MinimumVisualStudioVersion = 10.0.40219.1
Project("{9A19103F-16F7-4668-BE54-9A1E7A4F7556}") = "CRUDelicious", "CRUDelicious.csproj", "{FF4035EA-7E6B-4CFD-AB6E-6FCB717F3F76}"
EndProject
Global
	GlobalSection(SolutionConfigurationPlatforms) = preSolution
		Debug|Any CPU = Debug|Any CPU
		Release|Any CPU = Release|Any CPU
	EndGlobalSection
	GlobalSection(ProjectConfigurationPlatforms) = postSolution
		{FF4035EA-7E6B-4CFD-AB6E-6FCB717F3F76}.Debug|Any CPU.ActiveCfg = Debug|Any CPU
		{FF4035EA-7E6B-4CFD-AB6E-6FCB717F3F76}.Debug|Any CPU.Build.0 = Debug|Any CPU
		{FF4035EA-7E6B-4CFD-AB6E-6FCB717F3F76}.Release|Any CPU.ActiveCfg = Release|Any CPU
		{FF4035EA-7E6B-4CFD-AB6E-6FCB717F3F76}.Release|Any CPU.Build.0 = Release|Any CPU
	EndGlobalSection
	GlobalSection(SolutionProperties) = preSolution
		HideSolutionNode = FALSE
	EndGlobalSection
	GlobalSection(ExtensibilityGlobals) = postSolution
		SolutionGuid = {D09E6C21-2541-4405-ACCA-124FB3D2FBF9}
	EndGlobalSection
EndGlobal
